
Microsoft Visual Studio Solution File, Format Version 12.00
# Visual Studio Version 16
VisualStudioVersion = 16.0.30330.147
MinimumVisualStudioVersion = 10.0.40219.1
Project("{FAE04EC0-301F-11D3-BF4B-00C04F79EFBC}") = "Hello World", "Hello World\Hello World.csproj", "{D1160142-D63B-4250-802A-0E4FDB767914}"
EndProject
Global
	GlobalSection(SolutionConfigurationPlatforms) = preSolution
		Debug|Any CPU = Debug|Any CPU
		Release|Any CPU = Release|Any CPU
	EndGlobalSection
	GlobalSection(ProjectConfigurationPlatforms) = postSolution
		{D1160142-D63B-4250-802A-0E4FDB767914}.Debug|Any CPU.ActiveCfg = Debug|Any CPU
		{D1160142-D63B-4250-802A-0E4FDB767914}.Debug|Any CPU.Build.0 = Debug|Any CPU
		{D1160142-D63B-4250-802A-0E4FDB767914}.Release|Any CPU.ActiveCfg = Release|Any CPU
		{D1160142-D63B-4250-802A-0E4FDB767914}.Release|Any CPU.Build.0 = Release|Any CPU
	EndGlobalSection
	GlobalSection(SolutionProperties) = preSolution
		HideSolutionNode = FALSE
	EndGlobalSection
	GlobalSection(ExtensibilityGlobals) = postSolution
		SolutionGuid = {444FE29C-261A-4AD3-9AD6-823C3DD578CE}
	EndGlobalSection
EndGlobal
