
Microsoft Visual Studio Solution File, Format Version 12.00
# Visual Studio Version 16
VisualStudioVersion = 16.0.30330.147
MinimumVisualStudioVersion = 10.0.40219.1
Project("{FAE04EC0-301F-11D3-BF4B-00C04F79EFBC}") = "SHA1 Hashing", "SHA1 Hashing\SHA1 Hashing.csproj", "{2E66078C-7D12-4A73-A09E-13C17895AA13}"
EndProject
Global
	GlobalSection(SolutionConfigurationPlatforms) = preSolution
		Debug|Any CPU = Debug|Any CPU
		Release|Any CPU = Release|Any CPU
	EndGlobalSection
	GlobalSection(ProjectConfigurationPlatforms) = postSolution
		{2E66078C-7D12-4A73-A09E-13C17895AA13}.Debug|Any CPU.ActiveCfg = Debug|Any CPU
		{2E66078C-7D12-4A73-A09E-13C17895AA13}.Debug|Any CPU.Build.0 = Debug|Any CPU
		{2E66078C-7D12-4A73-A09E-13C17895AA13}.Release|Any CPU.ActiveCfg = Release|Any CPU
		{2E66078C-7D12-4A73-A09E-13C17895AA13}.Release|Any CPU.Build.0 = Release|Any CPU
	EndGlobalSection
	GlobalSection(SolutionProperties) = preSolution
		HideSolutionNode = FALSE
	EndGlobalSection
	GlobalSection(ExtensibilityGlobals) = postSolution
		SolutionGuid = {E0C07BDE-D0C9-48AC-B0BB-045C636DC5D4}
	EndGlobalSection
EndGlobal
