
Microsoft Visual Studio Solution File, Format Version 12.00
# Visual Studio Version 16
VisualStudioVersion = 16.0.30330.147
MinimumVisualStudioVersion = 10.0.40219.1
Project("{FAE04EC0-301F-11D3-BF4B-00C04F79EFBC}") = "addArray", "addArray\addArray.csproj", "{9D17DDBF-F054-4FB4-91FA-7B352D16DCD2}"
EndProject
Global
	GlobalSection(SolutionConfigurationPlatforms) = preSolution
		Debug|Any CPU = Debug|Any CPU
		Release|Any CPU = Release|Any CPU
	EndGlobalSection
	GlobalSection(ProjectConfigurationPlatforms) = postSolution
		{9D17DDBF-F054-4FB4-91FA-7B352D16DCD2}.Debug|Any CPU.ActiveCfg = Debug|Any CPU
		{9D17DDBF-F054-4FB4-91FA-7B352D16DCD2}.Debug|Any CPU.Build.0 = Debug|Any CPU
		{9D17DDBF-F054-4FB4-91FA-7B352D16DCD2}.Release|Any CPU.ActiveCfg = Release|Any CPU
		{9D17DDBF-F054-4FB4-91FA-7B352D16DCD2}.Release|Any CPU.Build.0 = Release|Any CPU
	EndGlobalSection
	GlobalSection(SolutionProperties) = preSolution
		HideSolutionNode = FALSE
	EndGlobalSection
	GlobalSection(ExtensibilityGlobals) = postSolution
		SolutionGuid = {D50B26A6-F4BC-40AE-848F-A7E93BA87E96}
	EndGlobalSection
EndGlobal
